
Microsoft Visual Studio Solution File, Format Version 12.00
# Visual Studio 2013
VisualStudioVersion = 12.0.40629.0
MinimumVisualStudioVersion = 10.0.40219.1
Project("{FAE04EC0-301F-11D3-BF4B-00C04F79EFBC}") = "SvnGitSynchronizer", "SvnGitSynchronizer\SvnGitSynchronizer.csproj", "{F518947F-EB05-40A8-B406-A4B88F95F4B1}"
EndProject
Project("{FAE04EC0-301F-11D3-BF4B-00C04F79EFBC}") = "SyncRepo", "SyncRepo\SyncRepo.csproj", "{F4060976-8EC2-41BB-90BA-BAE5A662F27F}"
EndProject
Global
	GlobalSection(SolutionConfigurationPlatforms) = preSolution
		Debug|Any CPU = Debug|Any CPU
		Release|Any CPU = Release|Any CPU
	EndGlobalSection
	GlobalSection(ProjectConfigurationPlatforms) = postSolution
		{F518947F-EB05-40A8-B406-A4B88F95F4B1}.Debug|Any CPU.ActiveCfg = Debug|Any CPU
		{F518947F-EB05-40A8-B406-A4B88F95F4B1}.Debug|Any CPU.Build.0 = Debug|Any CPU
		{F518947F-EB05-40A8-B406-A4B88F95F4B1}.Release|Any CPU.ActiveCfg = Release|Any CPU
		{F518947F-EB05-40A8-B406-A4B88F95F4B1}.Release|Any CPU.Build.0 = Release|Any CPU
		{F4060976-8EC2-41BB-90BA-BAE5A662F27F}.Debug|Any CPU.ActiveCfg = Debug|Any CPU
		{F4060976-8EC2-41BB-90BA-BAE5A662F27F}.Debug|Any CPU.Build.0 = Debug|Any CPU
		{F4060976-8EC2-41BB-90BA-BAE5A662F27F}.Release|Any CPU.ActiveCfg = Release|Any CPU
		{F4060976-8EC2-41BB-90BA-BAE5A662F27F}.Release|Any CPU.Build.0 = Release|Any CPU
	EndGlobalSection
	GlobalSection(SolutionProperties) = preSolution
		HideSolutionNode = FALSE
	EndGlobalSection
	GlobalSection(ExtensibilityGlobals) = postSolution
		VisualSVNWorkingCopyRoot = .
	EndGlobalSection
EndGlobal
